// !$*UTF8*$!
{
	archiveVersion = 1;
	classes = {
	};
	objectVersion = 46;
	objects = {

/* Begin PBXBuildFile section */
		DE71C3B31DB492EF00746C6E /* AlchemyGeneratorOSX.h in Headers */ = {isa = PBXBuildFile; fileRef = DE71C3B11DB492EF00746C6E /* AlchemyGeneratorOSX.h */; settings = {ATTRIBUTES = (Public, ); }; };
		DE71C3B71DB4930900746C6E /* AlchemyGenerator+Integers.swift in Sources */ = {isa = PBXBuildFile; fileRef = DEBD167B1D8635EF00E5C4DD /* AlchemyGenerator+Integers.swift */; };
		DE71C3B81DB4930900746C6E /* AlchemyGenerator+Strings.swift in Sources */ = {isa = PBXBuildFile; fileRef = DEBD167C1D8635EF00E5C4DD /* AlchemyGenerator+Strings.swift */; };
		DE71C3B91DB4930900746C6E /* AlchemyGenerator+Lists.swift in Sources */ = {isa = PBXBuildFile; fileRef = DEBD167D1D8635EF00E5C4DD /* AlchemyGenerator+Lists.swift */; };
		DE71C3BA1DB4930C00746C6E /* AlchemyGenerator.swift in Sources */ = {isa = PBXBuildFile; fileRef = DEBD16811D8635F900E5C4DD /* AlchemyGenerator.swift */; };
		DEBD166A1D8635DB00E5C4DD /* AlchemyGenerator.framework in Frameworks */ = {isa = PBXBuildFile; fileRef = DEBD16601D8635DA00E5C4DD /* AlchemyGenerator.framework */; };
		DEBD16711D8635DB00E5C4DD /* AlchemyGenerator.h in Headers */ = {isa = PBXBuildFile; fileRef = DEBD16631D8635DA00E5C4DD /* AlchemyGenerator.h */; settings = {ATTRIBUTES = (Public, ); }; };
		DEBD167E1D8635EF00E5C4DD /* AlchemyGenerator+Integers.swift in Sources */ = {isa = PBXBuildFile; fileRef = DEBD167B1D8635EF00E5C4DD /* AlchemyGenerator+Integers.swift */; };
		DEBD167F1D8635EF00E5C4DD /* AlchemyGenerator+Strings.swift in Sources */ = {isa = PBXBuildFile; fileRef = DEBD167C1D8635EF00E5C4DD /* AlchemyGenerator+Strings.swift */; };
		DEBD16801D8635EF00E5C4DD /* AlchemyGenerator+Lists.swift in Sources */ = {isa = PBXBuildFile; fileRef = DEBD167D1D8635EF00E5C4DD /* AlchemyGenerator+Lists.swift */; };
		DEBD16821D8635F900E5C4DD /* AlchemyGenerator.swift in Sources */ = {isa = PBXBuildFile; fileRef = DEBD16811D8635F900E5C4DD /* AlchemyGenerator.swift */; };
		DEBD16851D86360000E5C4DD /* AlchemyIntGeneratorTests.swift in Sources */ = {isa = PBXBuildFile; fileRef = DEBD16831D86360000E5C4DD /* AlchemyIntGeneratorTests.swift */; };
		DEBD16861D86360000E5C4DD /* AlchemyGeneratorStringTests.swift in Sources */ = {isa = PBXBuildFile; fileRef = DEBD16841D86360000E5C4DD /* AlchemyGeneratorStringTests.swift */; };
		DEBD16881D86360800E5C4DD /* AlchemyListGeneratorTests.swift in Sources */ = {isa = PBXBuildFile; fileRef = DEBD16871D86360800E5C4DD /* AlchemyListGeneratorTests.swift */; };
/* End PBXBuildFile section */

/* Begin PBXContainerItemProxy section */
		DEBD166B1D8635DB00E5C4DD /* PBXContainerItemProxy */ = {
			isa = PBXContainerItemProxy;
			containerPortal = DEBD16571D8635DA00E5C4DD /* Project object */;
			proxyType = 1;
			remoteGlobalIDString = DEBD165F1D8635DA00E5C4DD;
			remoteInfo = AlchemyGenerator;
		};
/* End PBXContainerItemProxy section */

/* Begin PBXFileReference section */
		DE71C3AF1DB492EE00746C6E /* AlchemyGeneratorOSX.framework */ = {isa = PBXFileReference; explicitFileType = wrapper.framework; includeInIndex = 0; path = AlchemyGeneratorOSX.framework; sourceTree = BUILT_PRODUCTS_DIR; };
		DE71C3B11DB492EF00746C6E /* AlchemyGeneratorOSX.h */ = {isa = PBXFileReference; lastKnownFileType = sourcecode.c.h; path = AlchemyGeneratorOSX.h; sourceTree = "<group>"; };
		DE71C3B21DB492EF00746C6E /* Info.plist */ = {isa = PBXFileReference; lastKnownFileType = text.plist.xml; path = Info.plist; sourceTree = "<group>"; };
		DEBD16601D8635DA00E5C4DD /* AlchemyGenerator.framework */ = {isa = PBXFileReference; explicitFileType = wrapper.framework; includeInIndex = 0; path = AlchemyGenerator.framework; sourceTree = BUILT_PRODUCTS_DIR; };
		DEBD16631D8635DA00E5C4DD /* AlchemyGenerator.h */ = {isa = PBXFileReference; lastKnownFileType = sourcecode.c.h; path = AlchemyGenerator.h; sourceTree = "<group>"; };
		DEBD16641D8635DA00E5C4DD /* Info.plist */ = {isa = PBXFileReference; lastKnownFileType = text.plist.xml; path = Info.plist; sourceTree = "<group>"; };
		DEBD16691D8635DB00E5C4DD /* AlchemyGeneratorTests.xctest */ = {isa = PBXFileReference; explicitFileType = wrapper.cfbundle; includeInIndex = 0; path = AlchemyGeneratorTests.xctest; sourceTree = BUILT_PRODUCTS_DIR; };
		DEBD16701D8635DB00E5C4DD /* Info.plist */ = {isa = PBXFileReference; lastKnownFileType = text.plist.xml; path = Info.plist; sourceTree = "<group>"; };
		DEBD167B1D8635EF00E5C4DD /* AlchemyGenerator+Integers.swift */ = {isa = PBXFileReference; fileEncoding = 4; lastKnownFileType = sourcecode.swift; path = "AlchemyGenerator+Integers.swift"; sourceTree = "<group>"; };
		DEBD167C1D8635EF00E5C4DD /* AlchemyGenerator+Strings.swift */ = {isa = PBXFileReference; fileEncoding = 4; lastKnownFileType = sourcecode.swift; path = "AlchemyGenerator+Strings.swift"; sourceTree = "<group>"; };
		DEBD167D1D8635EF00E5C4DD /* AlchemyGenerator+Lists.swift */ = {isa = PBXFileReference; fileEncoding = 4; lastKnownFileType = sourcecode.swift; path = "AlchemyGenerator+Lists.swift"; sourceTree = "<group>"; };
		DEBD16811D8635F900E5C4DD /* AlchemyGenerator.swift */ = {isa = PBXFileReference; fileEncoding = 4; lastKnownFileType = sourcecode.swift; path = AlchemyGenerator.swift; sourceTree = "<group>"; };
		DEBD16831D86360000E5C4DD /* AlchemyIntGeneratorTests.swift */ = {isa = PBXFileReference; fileEncoding = 4; lastKnownFileType = sourcecode.swift; path = AlchemyIntGeneratorTests.swift; sourceTree = "<group>"; };
		DEBD16841D86360000E5C4DD /* AlchemyGeneratorStringTests.swift */ = {isa = PBXFileReference; fileEncoding = 4; lastKnownFileType = sourcecode.swift; path = AlchemyGeneratorStringTests.swift; sourceTree = "<group>"; };
		DEBD16871D86360800E5C4DD /* AlchemyListGeneratorTests.swift */ = {isa = PBXFileReference; fileEncoding = 4; lastKnownFileType = sourcecode.swift; path = AlchemyListGeneratorTests.swift; sourceTree = "<group>"; };
/* End PBXFileReference section */

/* Begin PBXFrameworksBuildPhase section */
		DE71C3AB1DB492EE00746C6E /* Frameworks */ = {
			isa = PBXFrameworksBuildPhase;
			buildActionMask = 2147483647;
			files = (
			);
			runOnlyForDeploymentPostprocessing = 0;
		};
		DEBD165C1D8635DA00E5C4DD /* Frameworks */ = {
			isa = PBXFrameworksBuildPhase;
			buildActionMask = 2147483647;
			files = (
			);
			runOnlyForDeploymentPostprocessing = 0;
		};
		DEBD16661D8635DB00E5C4DD /* Frameworks */ = {
			isa = PBXFrameworksBuildPhase;
			buildActionMask = 2147483647;
			files = (
				DEBD166A1D8635DB00E5C4DD /* AlchemyGenerator.framework in Frameworks */,
			);
			runOnlyForDeploymentPostprocessing = 0;
		};
/* End PBXFrameworksBuildPhase section */

/* Begin PBXGroup section */
		DE71C3B01DB492EF00746C6E /* AlchemyGeneratorOSX */ = {
			isa = PBXGroup;
			children = (
				DE71C3B11DB492EF00746C6E /* AlchemyGeneratorOSX.h */,
				DE71C3B21DB492EF00746C6E /* Info.plist */,
			);
			path = AlchemyGeneratorOSX;
			sourceTree = "<group>";
		};
		DEBD16561D8635DA00E5C4DD = {
			isa = PBXGroup;
			children = (
				DEBD16621D8635DA00E5C4DD /* AlchemyGenerator */,
				DEBD166D1D8635DB00E5C4DD /* AlchemyGeneratorTests */,
				DE71C3B01DB492EF00746C6E /* AlchemyGeneratorOSX */,
				DEBD16611D8635DA00E5C4DD /* Products */,
			);
			sourceTree = "<group>";
		};
		DEBD16611D8635DA00E5C4DD /* Products */ = {
			isa = PBXGroup;
			children = (
				DEBD16601D8635DA00E5C4DD /* AlchemyGenerator.framework */,
				DEBD16691D8635DB00E5C4DD /* AlchemyGeneratorTests.xctest */,
				DE71C3AF1DB492EE00746C6E /* AlchemyGeneratorOSX.framework */,
			);
			name = Products;
			sourceTree = "<group>";
		};
		DEBD16621D8635DA00E5C4DD /* AlchemyGenerator */ = {
			isa = PBXGroup;
			children = (
				DEBD167A1D8635E500E5C4DD /* Generators */,
				DEBD16631D8635DA00E5C4DD /* AlchemyGenerator.h */,
				DEBD16811D8635F900E5C4DD /* AlchemyGenerator.swift */,
				DEBD16641D8635DA00E5C4DD /* Info.plist */,
			);
			path = AlchemyGenerator;
			sourceTree = "<group>";
		};
		DEBD166D1D8635DB00E5C4DD /* AlchemyGeneratorTests */ = {
			isa = PBXGroup;
			children = (
				DEBD16831D86360000E5C4DD /* AlchemyIntGeneratorTests.swift */,
				DEBD16841D86360000E5C4DD /* AlchemyGeneratorStringTests.swift */,
				DEBD16871D86360800E5C4DD /* AlchemyListGeneratorTests.swift */,
				DEBD16701D8635DB00E5C4DD /* Info.plist */,
			);
			path = AlchemyGeneratorTests;
			sourceTree = "<group>";
		};
		DEBD167A1D8635E500E5C4DD /* Generators */ = {
			isa = PBXGroup;
			children = (
				DEBD167B1D8635EF00E5C4DD /* AlchemyGenerator+Integers.swift */,
				DEBD167C1D8635EF00E5C4DD /* AlchemyGenerator+Strings.swift */,
				DEBD167D1D8635EF00E5C4DD /* AlchemyGenerator+Lists.swift */,
			);
			name = Generators;
			sourceTree = "<group>";
		};
/* End PBXGroup section */

/* Begin PBXHeadersBuildPhase section */
		DE71C3AC1DB492EE00746C6E /* Headers */ = {
			isa = PBXHeadersBuildPhase;
			buildActionMask = 2147483647;
			files = (
				DE71C3B31DB492EF00746C6E /* AlchemyGeneratorOSX.h in Headers */,
			);
			runOnlyForDeploymentPostprocessing = 0;
		};
		DEBD165D1D8635DA00E5C4DD /* Headers */ = {
			isa = PBXHeadersBuildPhase;
			buildActionMask = 2147483647;
			files = (
				DEBD16711D8635DB00E5C4DD /* AlchemyGenerator.h in Headers */,
			);
			runOnlyForDeploymentPostprocessing = 0;
		};
/* End PBXHeadersBuildPhase section */

/* Begin PBXNativeTarget section */
		DE71C3AE1DB492EE00746C6E /* AlchemyGeneratorOSX */ = {
			isa = PBXNativeTarget;
			buildConfigurationList = DE71C3B61DB492EF00746C6E /* Build configuration list for PBXNativeTarget "AlchemyGeneratorOSX" */;
			buildPhases = (
				DE71C3AA1DB492EE00746C6E /* Sources */,
				DE71C3AB1DB492EE00746C6E /* Frameworks */,
				DE71C3AC1DB492EE00746C6E /* Headers */,
				DE71C3AD1DB492EE00746C6E /* Resources */,
			);
			buildRules = (
			);
			dependencies = (
			);
			name = AlchemyGeneratorOSX;
			productName = AlchemyGeneratorOSX;
			productReference = DE71C3AF1DB492EE00746C6E /* AlchemyGeneratorOSX.framework */;
			productType = "com.apple.product-type.framework";
		};
		DEBD165F1D8635DA00E5C4DD /* AlchemyGenerator */ = {
			isa = PBXNativeTarget;
			buildConfigurationList = DEBD16741D8635DB00E5C4DD /* Build configuration list for PBXNativeTarget "AlchemyGenerator" */;
			buildPhases = (
				DEBD165B1D8635DA00E5C4DD /* Sources */,
				DEBD165C1D8635DA00E5C4DD /* Frameworks */,
				DEBD165D1D8635DA00E5C4DD /* Headers */,
				DEBD165E1D8635DA00E5C4DD /* Resources */,
			);
			buildRules = (
			);
			dependencies = (
			);
			name = AlchemyGenerator;
			productName = AlchemyGenerator;
			productReference = DEBD16601D8635DA00E5C4DD /* AlchemyGenerator.framework */;
			productType = "com.apple.product-type.framework";
		};
		DEBD16681D8635DB00E5C4DD /* AlchemyGeneratorTests */ = {
			isa = PBXNativeTarget;
			buildConfigurationList = DEBD16771D8635DB00E5C4DD /* Build configuration list for PBXNativeTarget "AlchemyGeneratorTests" */;
			buildPhases = (
				DEBD16651D8635DB00E5C4DD /* Sources */,
				DEBD16661D8635DB00E5C4DD /* Frameworks */,
				DEBD16671D8635DB00E5C4DD /* Resources */,
			);
			buildRules = (
			);
			dependencies = (
				DEBD166C1D8635DB00E5C4DD /* PBXTargetDependency */,
			);
			name = AlchemyGeneratorTests;
			productName = AlchemyGeneratorTests;
			productReference = DEBD16691D8635DB00E5C4DD /* AlchemyGeneratorTests.xctest */;
			productType = "com.apple.product-type.bundle.unit-test";
		};
/* End PBXNativeTarget section */

/* Begin PBXProject section */
		DEBD16571D8635DA00E5C4DD /* Project object */ = {
			isa = PBXProject;
			attributes = {
				LastSwiftUpdateCheck = 0800;
				LastUpgradeCheck = 0800;
				ORGANIZATIONNAME = SirWellington;
				TargetAttributes = {
					DE71C3AE1DB492EE00746C6E = {
						CreatedOnToolsVersion = 8.0;
						ProvisioningStyle = Automatic;
					};
					DEBD165F1D8635DA00E5C4DD = {
						CreatedOnToolsVersion = 8.0;
						LastSwiftMigration = 0800;
						ProvisioningStyle = Automatic;
					};
					DEBD16681D8635DB00E5C4DD = {
						CreatedOnToolsVersion = 8.0;
						ProvisioningStyle = Automatic;
					};
				};
			};
			buildConfigurationList = DEBD165A1D8635DA00E5C4DD /* Build configuration list for PBXProject "AlchemyGenerator" */;
			compatibilityVersion = "Xcode 3.2";
			developmentRegion = English;
			hasScannedForEncodings = 0;
			knownRegions = (
				en,
			);
			mainGroup = DEBD16561D8635DA00E5C4DD;
			productRefGroup = DEBD16611D8635DA00E5C4DD /* Products */;
			projectDirPath = "";
			projectRoot = "";
			targets = (
				DEBD165F1D8635DA00E5C4DD /* AlchemyGenerator */,
				DE71C3AE1DB492EE00746C6E /* AlchemyGeneratorOSX */,
				DEBD16681D8635DB00E5C4DD /* AlchemyGeneratorTests */,
			);
		};
/* End PBXProject section */

/* Begin PBXResourcesBuildPhase section */
		DE71C3AD1DB492EE00746C6E /* Resources */ = {
			isa = PBXResourcesBuildPhase;
			buildActionMask = 2147483647;
			files = (
			);
			runOnlyForDeploymentPostprocessing = 0;
		};
		DEBD165E1D8635DA00E5C4DD /* Resources */ = {
			isa = PBXResourcesBuildPhase;
			buildActionMask = 2147483647;
			files = (
			);
			runOnlyForDeploymentPostprocessing = 0;
		};
		DEBD16671D8635DB00E5C4DD /* Resources */ = {
			isa = PBXResourcesBuildPhase;
			buildActionMask = 2147483647;
			files = (
			);
			runOnlyForDeploymentPostprocessing = 0;
		};
/* End PBXResourcesBuildPhase section */

/* Begin PBXSourcesBuildPhase section */
		DE71C3AA1DB492EE00746C6E /* Sources */ = {
			isa = PBXSourcesBuildPhase;
			buildActionMask = 2147483647;
			files = (
				DE71C3BA1DB4930C00746C6E /* AlchemyGenerator.swift in Sources */,
				DE71C3B71DB4930900746C6E /* AlchemyGenerator+Integers.swift in Sources */,
				DE71C3B81DB4930900746C6E /* AlchemyGenerator+Strings.swift in Sources */,
				DE71C3B91DB4930900746C6E /* AlchemyGenerator+Lists.swift in Sources */,
			);
			runOnlyForDeploymentPostprocessing = 0;
		};
		DEBD165B1D8635DA00E5C4DD /* Sources */ = {
			isa = PBXSourcesBuildPhase;
			buildActionMask = 2147483647;
			files = (
				DEBD167F1D8635EF00E5C4DD /* AlchemyGenerator+Strings.swift in Sources */,
				DEBD167E1D8635EF00E5C4DD /* AlchemyGenerator+Integers.swift in Sources */,
				DEBD16801D8635EF00E5C4DD /* AlchemyGenerator+Lists.swift in Sources */,
				DEBD16821D8635F900E5C4DD /* AlchemyGenerator.swift in Sources */,
			);
			runOnlyForDeploymentPostprocessing = 0;
		};
		DEBD16651D8635DB00E5C4DD /* Sources */ = {
			isa = PBXSourcesBuildPhase;
			buildActionMask = 2147483647;
			files = (
				DEBD16881D86360800E5C4DD /* AlchemyListGeneratorTests.swift in Sources */,
				DEBD16861D86360000E5C4DD /* AlchemyGeneratorStringTests.swift in Sources */,
				DEBD16851D86360000E5C4DD /* AlchemyIntGeneratorTests.swift in Sources */,
			);
			runOnlyForDeploymentPostprocessing = 0;
		};
/* End PBXSourcesBuildPhase section */

/* Begin PBXTargetDependency section */
		DEBD166C1D8635DB00E5C4DD /* PBXTargetDependency */ = {
			isa = PBXTargetDependency;
			target = DEBD165F1D8635DA00E5C4DD /* AlchemyGenerator */;
			targetProxy = DEBD166B1D8635DB00E5C4DD /* PBXContainerItemProxy */;
		};
/* End PBXTargetDependency section */

/* Begin XCBuildConfiguration section */
		DE71C3B41DB492EF00746C6E /* Debug */ = {
			isa = XCBuildConfiguration;
			buildSettings = {
				CODE_SIGN_IDENTITY = "-";
				COMBINE_HIDPI_IMAGES = YES;
				DEFINES_MODULE = YES;
				DYLIB_COMPATIBILITY_VERSION = 1;
				DYLIB_CURRENT_VERSION = 1;
				DYLIB_INSTALL_NAME_BASE = "@rpath";
				FRAMEWORK_VERSION = A;
				INFOPLIST_FILE = AlchemyGeneratorOSX/Info.plist;
				INSTALL_PATH = "$(LOCAL_LIBRARY_DIR)/Frameworks";
				LD_RUNPATH_SEARCH_PATHS = "$(inherited) @executable_path/../Frameworks @loader_path/Frameworks";
				MACOSX_DEPLOYMENT_TARGET = 10.10;
				PRODUCT_BUNDLE_IDENTIFIER = tech.sirwellington.alchemy.AlchemyGeneratorOSX;
				PRODUCT_NAME = "$(TARGET_NAME)";
				SDKROOT = macosx;
				SKIP_INSTALL = YES;
				SWIFT_VERSION = 3.0;
			};
			name = Debug;
		};
		DE71C3B51DB492EF00746C6E /* Release */ = {
			isa = XCBuildConfiguration;
			buildSettings = {
				CODE_SIGN_IDENTITY = "-";
				COMBINE_HIDPI_IMAGES = YES;
				DEFINES_MODULE = YES;
				DYLIB_COMPATIBILITY_VERSION = 1;
				DYLIB_CURRENT_VERSION = 1;
				DYLIB_INSTALL_NAME_BASE = "@rpath";
				FRAMEWORK_VERSION = A;
				INFOPLIST_FILE = AlchemyGeneratorOSX/Info.plist;
				INSTALL_PATH = "$(LOCAL_LIBRARY_DIR)/Frameworks";
				LD_RUNPATH_SEARCH_PATHS = "$(inherited) @executable_path/../Frameworks @loader_path/Frameworks";
				MACOSX_DEPLOYMENT_TARGET = 10.10;
				PRODUCT_BUNDLE_IDENTIFIER = tech.sirwellington.alchemy.AlchemyGeneratorOSX;
				PRODUCT_NAME = "$(TARGET_NAME)";
				SDKROOT = macosx;
				SKIP_INSTALL = YES;
				SWIFT_VERSION = 3.0;
			};
			name = Release;
		};
		DEBD16721D8635DB00E5C4DD /* Debug */ = {
			isa = XCBuildConfiguration;
			buildSettings = {
				ALWAYS_SEARCH_USER_PATHS = NO;
				CLANG_ANALYZER_NONNULL = YES;
				CLANG_CXX_LANGUAGE_STANDARD = "gnu++0x";
				CLANG_CXX_LIBRARY = "libc++";
				CLANG_ENABLE_MODULES = YES;
				CLANG_ENABLE_OBJC_ARC = YES;
				CLANG_WARN_BOOL_CONVERSION = YES;
				CLANG_WARN_CONSTANT_CONVERSION = YES;
				CLANG_WARN_DIRECT_OBJC_ISA_USAGE = YES_ERROR;
				CLANG_WARN_DOCUMENTATION_COMMENTS = YES;
				CLANG_WARN_EMPTY_BODY = YES;
				CLANG_WARN_ENUM_CONVERSION = YES;
				CLANG_WARN_INFINITE_RECURSION = YES;
				CLANG_WARN_INT_CONVERSION = YES;
				CLANG_WARN_OBJC_ROOT_CLASS = YES_ERROR;
				CLANG_WARN_SUSPICIOUS_MOVES = YES;
				CLANG_WARN_UNREACHABLE_CODE = YES;
				CLANG_WARN__DUPLICATE_METHOD_MATCH = YES;
				"CODE_SIGN_IDENTITY[sdk=iphoneos*]" = "iPhone Developer";
				COPY_PHASE_STRIP = NO;
				CURRENT_PROJECT_VERSION = 1;
				DEBUG_INFORMATION_FORMAT = dwarf;
				ENABLE_STRICT_OBJC_MSGSEND = YES;
				ENABLE_TESTABILITY = YES;
				GCC_C_LANGUAGE_STANDARD = gnu99;
				GCC_DYNAMIC_NO_PIC = NO;
				GCC_NO_COMMON_BLOCKS = YES;
				GCC_OPTIMIZATION_LEVEL = 0;
				GCC_PREPROCESSOR_DEFINITIONS = (
					"DEBUG=1",
					"$(inherited)",
				);
				GCC_WARN_64_TO_32_BIT_CONVERSION = YES;
				GCC_WARN_ABOUT_RETURN_TYPE = YES_ERROR;
				GCC_WARN_UNDECLARED_SELECTOR = YES;
				GCC_WARN_UNINITIALIZED_AUTOS = YES_AGGRESSIVE;
				GCC_WARN_UNUSED_FUNCTION = YES;
				GCC_WARN_UNUSED_VARIABLE = YES;
				IPHONEOS_DEPLOYMENT_TARGET = 10.0;
				MTL_ENABLE_DEBUG_INFO = YES;
				ONLY_ACTIVE_ARCH = YES;
				SDKROOT = iphoneos;
				SWIFT_ACTIVE_COMPILATION_CONDITIONS = DEBUG;
				SWIFT_OPTIMIZATION_LEVEL = "-Onone";
				TARGETED_DEVICE_FAMILY = "1,2";
				VERSIONING_SYSTEM = "apple-generic";
				VERSION_INFO_PREFIX = "";
			};
			name = Debug;
		};
		DEBD16731D8635DB00E5C4DD /* Release */ = {
			isa = XCBuildConfiguration;
			buildSettings = {
				ALWAYS_SEARCH_USER_PATHS = NO;
				CLANG_ANALYZER_NONNULL = YES;
				CLANG_CXX_LANGUAGE_STANDARD = "gnu++0x";
				CLANG_CXX_LIBRARY = "libc++";
				CLANG_ENABLE_MODULES = YES;
				CLANG_ENABLE_OBJC_ARC = YES;
				CLANG_WARN_BOOL_CONVERSION = YES;
				CLANG_WARN_CONSTANT_CONVERSION = YES;
				CLANG_WARN_DIRECT_OBJC_ISA_USAGE = YES_ERROR;
				CLANG_WARN_DOCUMENTATION_COMMENTS = YES;
				CLANG_WARN_EMPTY_BODY = YES;
				CLANG_WARN_ENUM_CONVERSION = YES;
				CLANG_WARN_INFINITE_RECURSION = YES;
				CLANG_WARN_INT_CONVERSION = YES;
				CLANG_WARN_OBJC_ROOT_CLASS = YES_ERROR;
				CLANG_WARN_SUSPICIOUS_MOVES = YES;
				CLANG_WARN_UNREACHABLE_CODE = YES;
				CLANG_WARN__DUPLICATE_METHOD_MATCH = YES;
				"CODE_SIGN_IDENTITY[sdk=iphoneos*]" = "iPhone Developer";
				COPY_PHASE_STRIP = NO;
				CURRENT_PROJECT_VERSION = 1;
				DEBUG_INFORMATION_FORMAT = "dwarf-with-dsym";
				ENABLE_NS_ASSERTIONS = NO;
				ENABLE_STRICT_OBJC_MSGSEND = YES;
				GCC_C_LANGUAGE_STANDARD = gnu99;
				GCC_NO_COMMON_BLOCKS = YES;
				GCC_WARN_64_TO_32_BIT_CONVERSION = YES;
				GCC_WARN_ABOUT_RETURN_TYPE = YES_ERROR;
				GCC_WARN_UNDECLARED_SELECTOR = YES;
				GCC_WARN_UNINITIALIZED_AUTOS = YES_AGGRESSIVE;
				GCC_WARN_UNUSED_FUNCTION = YES;
				GCC_WARN_UNUSED_VARIABLE = YES;
				IPHONEOS_DEPLOYMENT_TARGET = 10.0;
				MTL_ENABLE_DEBUG_INFO = NO;
				SDKROOT = iphoneos;
				SWIFT_OPTIMIZATION_LEVEL = "-Owholemodule";
				TARGETED_DEVICE_FAMILY = "1,2";
				VALIDATE_PRODUCT = YES;
				VERSIONING_SYSTEM = "apple-generic";
				VERSION_INFO_PREFIX = "";
			};
			name = Release;
		};
		DEBD16751D8635DB00E5C4DD /* Debug */ = {
			isa = XCBuildConfiguration;
			buildSettings = {
				CLANG_ENABLE_MODULES = YES;
				CODE_SIGN_IDENTITY = "";
				DEFINES_MODULE = YES;
				DYLIB_COMPATIBILITY_VERSION = 1;
				DYLIB_CURRENT_VERSION = 1;
				DYLIB_INSTALL_NAME_BASE = "@rpath";
				INFOPLIST_FILE = AlchemyGenerator/Info.plist;
				INSTALL_PATH = "$(LOCAL_LIBRARY_DIR)/Frameworks";
				LD_RUNPATH_SEARCH_PATHS = "$(inherited) @executable_path/Frameworks @loader_path/Frameworks";
				PRODUCT_BUNDLE_IDENTIFIER = tech.sirwellington.alchemy.AlchemyGenerator;
				PRODUCT_NAME = "$(TARGET_NAME)";
				SKIP_INSTALL = YES;
				SWIFT_OPTIMIZATION_LEVEL = "-Onone";
				SWIFT_VERSION = 3.0;
			};
			name = Debug;
		};
		DEBD16761D8635DB00E5C4DD /* Release */ = {
			isa = XCBuildConfiguration;
			buildSettings = {
				CLANG_ENABLE_MODULES = YES;
				CODE_SIGN_IDENTITY = "";
				DEFINES_MODULE = YES;
				DYLIB_COMPATIBILITY_VERSION = 1;
				DYLIB_CURRENT_VERSION = 1;
				DYLIB_INSTALL_NAME_BASE = "@rpath";
				INFOPLIST_FILE = AlchemyGenerator/Info.plist;
				INSTALL_PATH = "$(LOCAL_LIBRARY_DIR)/Frameworks";
				LD_RUNPATH_SEARCH_PATHS = "$(inherited) @executable_path/Frameworks @loader_path/Frameworks";
				PRODUCT_BUNDLE_IDENTIFIER = tech.sirwellington.alchemy.AlchemyGenerator;
				PRODUCT_NAME = "$(TARGET_NAME)";
				SKIP_INSTALL = YES;
				SWIFT_VERSION = 3.0;
			};
			name = Release;
		};
		DEBD16781D8635DB00E5C4DD /* Debug */ = {
			isa = XCBuildConfiguration;
			buildSettings = {
				ALWAYS_EMBED_SWIFT_STANDARD_LIBRARIES = YES;
				INFOPLIST_FILE = AlchemyGeneratorTests/Info.plist;
				LD_RUNPATH_SEARCH_PATHS = "$(inherited) @executable_path/Frameworks @loader_path/Frameworks";
				PRODUCT_BUNDLE_IDENTIFIER = tech.sirwellington.AlchemyGeneratorTests;
				PRODUCT_NAME = "$(TARGET_NAME)";
				SWIFT_VERSION = 3.0;
			};
			name = Debug;
		};
		DEBD16791D8635DB00E5C4DD /* Release */ = {
			isa = XCBuildConfiguration;
			buildSettings = {
				ALWAYS_EMBED_SWIFT_STANDARD_LIBRARIES = YES;
				INFOPLIST_FILE = AlchemyGeneratorTests/Info.plist;
				LD_RUNPATH_SEARCH_PATHS = "$(inherited) @executable_path/Frameworks @loader_path/Frameworks";
				PRODUCT_BUNDLE_IDENTIFIER = tech.sirwellington.AlchemyGeneratorTests;
				PRODUCT_NAME = "$(TARGET_NAME)";
				SWIFT_VERSION = 3.0;
			};
			name = Release;
		};
/* End XCBuildConfiguration section */

/* Begin XCConfigurationList section */
		DE71C3B61DB492EF00746C6E /* Build configuration list for PBXNativeTarget "AlchemyGeneratorOSX" */ = {
			isa = XCConfigurationList;
			buildConfigurations = (
				DE71C3B41DB492EF00746C6E /* Debug */,
				DE71C3B51DB492EF00746C6E /* Release */,
			);
			defaultConfigurationIsVisible = 0;
		};
		DEBD165A1D8635DA00E5C4DD /* Build configuration list for PBXProject "AlchemyGenerator" */ = {
			isa = XCConfigurationList;
			buildConfigurations = (
				DEBD16721D8635DB00E5C4DD /* Debug */,
				DEBD16731D8635DB00E5C4DD /* Release */,
			);
			defaultConfigurationIsVisible = 0;
			defaultConfigurationName = Release;
		};
		DEBD16741D8635DB00E5C4DD /* Build configuration list for PBXNativeTarget "AlchemyGenerator" */ = {
			isa = XCConfigurationList;
			buildConfigurations = (
				DEBD16751D8635DB00E5C4DD /* Debug */,
				DEBD16761D8635DB00E5C4DD /* Release */,
			);
			defaultConfigurationIsVisible = 0;
			defaultConfigurationName = Release;
		};
		DEBD16771D8635DB00E5C4DD /* Build configuration list for PBXNativeTarget "AlchemyGeneratorTests" */ = {
			isa = XCConfigurationList;
			buildConfigurations = (
				DEBD16781D8635DB00E5C4DD /* Debug */,
				DEBD16791D8635DB00E5C4DD /* Release */,
			);
			defaultConfigurationIsVisible = 0;
			defaultConfigurationName = Release;
		};
/* End XCConfigurationList section */
	};
	rootObject = DEBD16571D8635DA00E5C4DD /* Project object */;
}
